
Microsoft Visual Studio Solution File, Format Version 12.00
# Visual Studio Version 16
VisualStudioVersion = 16.0.29306.81
MinimumVisualStudioVersion = 10.0.40219.1
Project("{FAE04EC0-301F-11D3-BF4B-00C04F79EFBC}") = "ProjetoTesteGit", "ProjetoTesteGit.csproj", "{B7276F3E-888D-4475-BF82-38C060A85E48}"
EndProject
Global
	GlobalSection(SolutionConfigurationPlatforms) = preSolution
		Debug|Any CPU = Debug|Any CPU
		Release|Any CPU = Release|Any CPU
	EndGlobalSection
	GlobalSection(ProjectConfigurationPlatforms) = postSolution
		{B7276F3E-888D-4475-BF82-38C060A85E48}.Debug|Any CPU.ActiveCfg = Debug|Any CPU
		{B7276F3E-888D-4475-BF82-38C060A85E48}.Debug|Any CPU.Build.0 = Debug|Any CPU
		{B7276F3E-888D-4475-BF82-38C060A85E48}.Release|Any CPU.ActiveCfg = Release|Any CPU
		{B7276F3E-888D-4475-BF82-38C060A85E48}.Release|Any CPU.Build.0 = Release|Any CPU
	EndGlobalSection
	GlobalSection(SolutionProperties) = preSolution
		HideSolutionNode = FALSE
	EndGlobalSection
	GlobalSection(ExtensibilityGlobals) = postSolution
		SolutionGuid = {4236255B-8F8F-493B-BC3F-69797303A777}
	EndGlobalSection
EndGlobal
